<?xml version="1.0" encoding="UTF-8" standalone="yes" ?>
<CodeBlocks_project_file>
	<FileVersion major="1" minor="6" />
	<Project>
		<Option title="manager" />
		<Option pch_mode="2" />
		<Option compiler="gcc" />
		<Build>
			<Target title="Debug">
				<Option output="bin/Debug/yamlBddGraphique" prefix_auto="1" extension_auto="1" />
				<Option object_output="obj/Debug/" />
				<Option type="1" />
				<Option compiler="gcc" />
				<Compiler>
					<Add option="-g" />
				</Compiler>
			</Target>
			<Target title="Release">
				<Option output="bin/Release/yamlBddGraphique" prefix_auto="1" extension_auto="1" />
				<Option object_output="obj/Release/" />
				<Option type="1" />
				<Option compiler="gcc" />
				<Compiler>
					<Add option="-O2" />
				</Compiler>
				<Linker>
					<Add option="-s" />
				</Linker>
			</Target>
		</Build>
		<Compiler>
			<!-- <Add option="-Wall" /> -->
			<!-- <Add directory="C:/gtk/include/gtk-3.0" />
			<Add directory="C:/gtk/include/glib-2.0" />
			<Add directory="C:/gtk/lib/glib-2.0/include" />
			<Add directory="C:/gtk/include/pango-1.0" />
			<Add directory="C:/gtk/include/gdk-pixbuf-2.0" />
			<Add directory="C:/gtk/include/atk-1.0" />
			<Add directory="C:/gtk/include/cairo" /> -->
			<Add option="-g" />
			<Add directory="C:/gtk+-3.4.2/include/gtk-3.0" />
			<Add directory="C:/gtk+-3.4.2/include/glib-2.0" />
			<Add directory="C:/gtk+-3.4.2/lib/glib-2.0/include" />
			<Add directory="C:/gtk+-3.4.2/include/pango-1.0" />
			<Add directory="C:/gtk+-3.4.2/include/cairo" />
			<Add directory="C:/gtk+-3.4.2/include/gdk-pixbuf-2.0" />
			<Add directory="C:/gtk+-3.4.2/include/atk-1.0" />
		</Compiler>
		<Linker>
			<Add option="-lgtk-3 -lgdk-3 -lgdi32 -limm32 -lshell32 -lole32 -Wl,-luuid -lpangocairo-1.0 -lpangoft2-1.0 -lfreetype -lfontconfig -lpangowin32-1.0 -lgdi32 -lpango-1.0 -lm -latk-1.0 -lcairo-gobject -lcairo -lgdk_pixbuf-2.0 -lgio-2.0 -lgobject-2.0 -lglib-2.0 -lintl" />
			<!-- <Add directory="C:/gtk/lib" /> -->
			<Add directory="C:/gtk+-3.4.2/lib" />
		</Linker>
		<Unit filename="../callbacks.c">
			<Option compilerVar="CC" />
		</Unit>
		<Unit filename="../yamlBddGraphique.h" />
		<Unit filename="main.c">
			<Option compilerVar="CC" />
		</Unit>
		<Extensions>
			<code_completion />
			<envvars />
			<debugger />
		</Extensions>
	</Project>
</CodeBlocks_project_file>
